
Microsoft Visual Studio Solution File, Format Version 12.00
# Visual Studio 14
VisualStudioVersion = 14.0.25420.1
MinimumVisualStudioVersion = 10.0.40219.1
Project("{FAE04EC0-301F-11D3-BF4B-00C04F79EFBC}") = "TopsInterface", "TopsInterface\TopsInterface.csproj", "{7631F6DE-6F35-405C-93CA-6E881962C135}"
EndProject
Project("{FAE04EC0-301F-11D3-BF4B-00C04F79EFBC}") = "Tops.Test", "Tops.Test\Tops.Test.csproj", "{C043A4E8-F1A3-4104-BC8C-13F9B8D8CDCF}"
EndProject
Project("{FAE04EC0-301F-11D3-BF4B-00C04F79EFBC}") = "TopsApiService", "TopsApiService\TopsApiService.csproj", "{CF12781D-1571-4DFC-B7B0-4AA03B3966C0}"
EndProject
Project("{FAE04EC0-301F-11D3-BF4B-00C04F79EFBC}") = "TopsService", "TopsService\TopsService.csproj", "{1CD28957-71E4-476B-91A7-D0534E53E10D}"
EndProject
Project("{FAE04EC0-301F-11D3-BF4B-00C04F79EFBC}") = "TopsShareClass", "TopsShareClass\TopsShareClass.csproj", "{F61BAFEF-29E8-46E9-8962-962C9B8D71DB}"
EndProject
Project("{FAE04EC0-301F-11D3-BF4B-00C04F79EFBC}") = "TopsDataAccessLayer", "TopsDataAccessLayer\TopsDataAccessLayer.csproj", "{CAACD0D3-D840-4F20-A5D2-C9520A68E1B9}"
EndProject
Project("{FAE04EC0-301F-11D3-BF4B-00C04F79EFBC}") = "Repository.Dev", "Repository.Dev\Repository.Dev.csproj", "{A9E19F48-48AF-42A7-A358-41288962A4D2}"
EndProject
Global
	GlobalSection(SolutionConfigurationPlatforms) = preSolution
		Debug|Any CPU = Debug|Any CPU
		Release|Any CPU = Release|Any CPU
	EndGlobalSection
	GlobalSection(ProjectConfigurationPlatforms) = postSolution
		{7631F6DE-6F35-405C-93CA-6E881962C135}.Debug|Any CPU.ActiveCfg = Debug|Any CPU
		{7631F6DE-6F35-405C-93CA-6E881962C135}.Debug|Any CPU.Build.0 = Debug|Any CPU
		{7631F6DE-6F35-405C-93CA-6E881962C135}.Release|Any CPU.ActiveCfg = Release|Any CPU
		{7631F6DE-6F35-405C-93CA-6E881962C135}.Release|Any CPU.Build.0 = Release|Any CPU
		{C043A4E8-F1A3-4104-BC8C-13F9B8D8CDCF}.Debug|Any CPU.ActiveCfg = Debug|Any CPU
		{C043A4E8-F1A3-4104-BC8C-13F9B8D8CDCF}.Debug|Any CPU.Build.0 = Debug|Any CPU
		{C043A4E8-F1A3-4104-BC8C-13F9B8D8CDCF}.Release|Any CPU.ActiveCfg = Release|Any CPU
		{C043A4E8-F1A3-4104-BC8C-13F9B8D8CDCF}.Release|Any CPU.Build.0 = Release|Any CPU
		{CF12781D-1571-4DFC-B7B0-4AA03B3966C0}.Debug|Any CPU.ActiveCfg = Debug|Any CPU
		{CF12781D-1571-4DFC-B7B0-4AA03B3966C0}.Debug|Any CPU.Build.0 = Debug|Any CPU
		{CF12781D-1571-4DFC-B7B0-4AA03B3966C0}.Release|Any CPU.ActiveCfg = Release|Any CPU
		{CF12781D-1571-4DFC-B7B0-4AA03B3966C0}.Release|Any CPU.Build.0 = Release|Any CPU
		{1CD28957-71E4-476B-91A7-D0534E53E10D}.Debug|Any CPU.ActiveCfg = Debug|Any CPU
		{1CD28957-71E4-476B-91A7-D0534E53E10D}.Debug|Any CPU.Build.0 = Debug|Any CPU
		{1CD28957-71E4-476B-91A7-D0534E53E10D}.Release|Any CPU.ActiveCfg = Release|Any CPU
		{1CD28957-71E4-476B-91A7-D0534E53E10D}.Release|Any CPU.Build.0 = Release|Any CPU
		{F61BAFEF-29E8-46E9-8962-962C9B8D71DB}.Debug|Any CPU.ActiveCfg = Debug|Any CPU
		{F61BAFEF-29E8-46E9-8962-962C9B8D71DB}.Debug|Any CPU.Build.0 = Debug|Any CPU
		{F61BAFEF-29E8-46E9-8962-962C9B8D71DB}.Release|Any CPU.ActiveCfg = Release|Any CPU
		{F61BAFEF-29E8-46E9-8962-962C9B8D71DB}.Release|Any CPU.Build.0 = Release|Any CPU
		{CAACD0D3-D840-4F20-A5D2-C9520A68E1B9}.Debug|Any CPU.ActiveCfg = Debug|Any CPU
		{CAACD0D3-D840-4F20-A5D2-C9520A68E1B9}.Debug|Any CPU.Build.0 = Debug|Any CPU
		{CAACD0D3-D840-4F20-A5D2-C9520A68E1B9}.Release|Any CPU.ActiveCfg = Release|Any CPU
		{CAACD0D3-D840-4F20-A5D2-C9520A68E1B9}.Release|Any CPU.Build.0 = Release|Any CPU
		{A9E19F48-48AF-42A7-A358-41288962A4D2}.Debug|Any CPU.ActiveCfg = Debug|Any CPU
		{A9E19F48-48AF-42A7-A358-41288962A4D2}.Debug|Any CPU.Build.0 = Debug|Any CPU
		{A9E19F48-48AF-42A7-A358-41288962A4D2}.Release|Any CPU.ActiveCfg = Release|Any CPU
		{A9E19F48-48AF-42A7-A358-41288962A4D2}.Release|Any CPU.Build.0 = Release|Any CPU
	EndGlobalSection
	GlobalSection(SolutionProperties) = preSolution
		HideSolutionNode = FALSE
	EndGlobalSection
EndGlobal
